<?xml version="1.0" encoding="utf-8"?>
<Project ToolsVersion="4.0" xmlns="http://schemas.microsoft.com/developer/msbuild/2003">
  <ItemGroup>
    <Filter Include="Source Files">
      <UniqueIdentifier>{4FC737F1-C7A5-4376-A066-2A32D752A2FF}</UniqueIdentifier>
      <Extensions>cpp;c;cc;cxx;def;odl;idl;hpj;bat;asm;asmx</Extensions>
    </Filter>
    <Filter Include="Header Files">
      <UniqueIdentifier>{93995380-89BD-4b04-88EB-625FBE52EBFB}</UniqueIdentifier>
      <Extensions>h;hh;hpp;hxx;hm;inl;inc;xsd</Extensions>
    </Filter>
    <Filter Include="Resource Files">
      <UniqueIdentifier>{67DA6AB6-F800-4c08-8B7A-83BB121AAD01}</UniqueIdentifier>
      <Extensions>qrc;rc;ico;cur;bmp;dlg;rc2;rct;bin;rgs;gif;jpg;jpeg;jpe;resx;tiff;tif;png;wav;mfcribbon-ms</Extensions>
    </Filter>
    <Filter Include="Form Files">
      <UniqueIdentifier>{99349809-55BA-4b9d-BF79-8FDBB0286EB3}</UniqueIdentifier>
      <Extensions>ui</Extensions>
    </Filter>
    <Filter Include="Translation Files">
      <UniqueIdentifier>{639EADAA-A684-42e4-A9AD-28FC9BCB8F7C}</UniqueIdentifier>
      <Extensions>ts</Extensions>
    </Filter>
  </ItemGroup>
  <ItemGroup>
    <QtRcc Include="RecipeGUI.qrc">
      <Filter>Resource Files</Filter>
    </QtRcc>
    <QtUic Include="RecipeGUI.ui">
      <Filter>Form Files</Filter>
    </QtUic>
    <QtMoc Include="RecipeGUI.h">
      <Filter>Header Files</Filter>
    </QtMoc>
    <ClCompile Include="RecipeGUI.cpp">
      <Filter>Source Files</Filter>
    </ClCompile>
  </ItemGroup>
  <ItemGroup>
    <ClCompile Include="main.cpp">
      <Filter>Source Files</Filter>
    </ClCompile>
    <ClCompile Include="AddRecipe.cpp">
      <Filter>Source Files</Filter>
    </ClCompile>
    <ClCompile Include="ChooseRecipe.cpp">
      <Filter>Source Files</Filter>
    </ClCompile>
    <ClCompile Include="AddRecDialog.cpp">
      <Filter>Source Files</Filter>
    </ClCompile>
    <ClCompile Include="ViewRecipe.cpp">
      <Filter>Source Files</Filter>
    </ClCompile>
    <ClCompile Include="sqlite3\sqlite3.c">
      <Filter>Source Files</Filter>
    </ClCompile>
    <ClCompile Include="Amount.cpp">
      <Filter>Source Files</Filter>
    </ClCompile>
    <ClCompile Include="Ingredient.cpp">
      <Filter>Source Files</Filter>
    </ClCompile>
    <ClCompile Include="IRecipe.cpp">
      <Filter>Source Files</Filter>
    </ClCompile>
    <ClCompile Include="Recipe.cpp">
      <Filter>Source Files</Filter>
    </ClCompile>
    <ClCompile Include="Database_Manager.cpp">
      <Filter>Source Files</Filter>
    </ClCompile>
    <ClCompile Include="DeleteDialog.cpp">
      <Filter>Source Files</Filter>
    </ClCompile>
  </ItemGroup>
  <ItemGroup>
    <QtMoc Include="AddRecipe.h">
      <Filter>Header Files</Filter>
    </QtMoc>
    <QtMoc Include="ChooseRecipe.h">
      <Filter>Header Files</Filter>
    </QtMoc>
    <QtMoc Include="AddRecDialog.h">
      <Filter>Header Files</Filter>
    </QtMoc>
    <QtMoc Include="ViewRecipe.h">
      <Filter>Header Files</Filter>
    </QtMoc>
    <QtMoc Include="Database_Manager.h">
      <Filter>Header Files</Filter>
    </QtMoc>
    <QtMoc Include="DeleteDialog.h">
      <Filter>Header Files</Filter>
    </QtMoc>
  </ItemGroup>
  <ItemGroup>
    <QtUic Include="AddRecipe.ui">
      <Filter>Form Files</Filter>
    </QtUic>
    <QtUic Include="ChooseRecipe.ui">
      <Filter>Form Files</Filter>
    </QtUic>
    <QtUic Include="AddRecDialog.ui">
      <Filter>Form Files</Filter>
    </QtUic>
    <QtUic Include="ViewRecipe.ui">
      <Filter>Form Files</Filter>
    </QtUic>
    <QtUic Include="DeleteDialog.ui">
      <Filter>Form Files</Filter>
    </QtUic>
  </ItemGroup>
  <ItemGroup>
    <ClInclude Include="Amount.h">
      <Filter>Header Files</Filter>
    </ClInclude>
    <ClInclude Include="Ingredient.h">
      <Filter>Header Files</Filter>
    </ClInclude>
    <ClInclude Include="IRecipe.h">
      <Filter>Header Files</Filter>
    </ClInclude>
    <ClInclude Include="Recipe.h">
      <Filter>Header Files</Filter>
    </ClInclude>
  </ItemGroup>
  <ItemGroup>
    <None Include="packages.config" />
  </ItemGroup>
</Project>